// !$*UTF8*$!
{
	archiveVersion = 1;
	classes = {
	};
	objectVersion = 46;
	objects = {

/* Begin PBXBuildFile section */
		350CB5EA1958ABC600025032 /* AppDelegate.swift in Sources */ = {isa = PBXBuildFile; fileRef = 350CB5E91958ABC600025032 /* AppDelegate.swift */; };
		350CB5EC1958ABC600025032 /* MasterViewController.swift in Sources */ = {isa = PBXBuildFile; fileRef = 350CB5EB1958ABC600025032 /* MasterViewController.swift */; };
		350CB5EE1958ABC600025032 /* DetailViewController.swift in Sources */ = {isa = PBXBuildFile; fileRef = 350CB5ED1958ABC600025032 /* DetailViewController.swift */; };
		350CB5F11958ABC600025032 /* Main.storyboard in Resources */ = {isa = PBXBuildFile; fileRef = 350CB5EF1958ABC600025032 /* Main.storyboard */; };
		350CB5F31958ABC600025032 /* Images.xcassets in Resources */ = {isa = PBXBuildFile; fileRef = 350CB5F21958ABC600025032 /* Images.xcassets */; };
		350CB5FF1958ABC600025032 /* MasterDetailTests.swift in Sources */ = {isa = PBXBuildFile; fileRef = 350CB5FE1958ABC600025032 /* MasterDetailTests.swift */; };
/* End PBXBuildFile section */

/* Begin PBXContainerItemProxy section */
		350CB5F91958ABC600025032 /* PBXContainerItemProxy */ = {
			isa = PBXContainerItemProxy;
			containerPortal = 350CB5DC1958ABC600025032 /* Project object */;
			proxyType = 1;
			remoteGlobalIDString = 350CB5E31958ABC600025032;
			remoteInfo = MasterDetail;
		};
/* End PBXContainerItemProxy section */

/* Begin PBXFileReference section */
		350CB5E41958ABC600025032 /* MasterDetail.app */ = {isa = PBXFileReference; explicitFileType = wrapper.application; includeInIndex = 0; path = MasterDetail.app; sourceTree = BUILT_PRODUCTS_DIR; };
		350CB5E81958ABC600025032 /* Info.plist */ = {isa = PBXFileReference; lastKnownFileType = text.plist.xml; path = Info.plist; sourceTree = "<group>"; };
		350CB5E91958ABC600025032 /* AppDelegate.swift */ = {isa = PBXFileReference; lastKnownFileType = sourcecode.swift; path = AppDelegate.swift; sourceTree = "<group>"; };
		350CB5EB1958ABC600025032 /* MasterViewController.swift */ = {isa = PBXFileReference; lastKnownFileType = sourcecode.swift; path = MasterViewController.swift; sourceTree = "<group>"; };
		350CB5ED1958ABC600025032 /* DetailViewController.swift */ = {isa = PBXFileReference; lastKnownFileType = sourcecode.swift; path = DetailViewController.swift; sourceTree = "<group>"; };
		350CB5F01958ABC600025032 /* Base */ = {isa = PBXFileReference; lastKnownFileType = file.storyboard; name = Base; path = Base.lproj/Main.storyboard; sourceTree = "<group>"; };
		350CB5F21958ABC600025032 /* Images.xcassets */ = {isa = PBXFileReference; lastKnownFileType = folder.assetcatalog; path = Images.xcassets; sourceTree = "<group>"; };
		350CB5F81958ABC600025032 /* MasterDetailTests.xctest */ = {isa = PBXFileReference; explicitFileType = wrapper.cfbundle; includeInIndex = 0; path = MasterDetailTests.xctest; sourceTree = BUILT_PRODUCTS_DIR; };
		350CB5FD1958ABC600025032 /* Info.plist */ = {isa = PBXFileReference; lastKnownFileType = text.plist.xml; path = Info.plist; sourceTree = "<group>"; };
		350CB5FE1958ABC600025032 /* MasterDetailTests.swift */ = {isa = PBXFileReference; lastKnownFileType = sourcecode.swift; path = MasterDetailTests.swift; sourceTree = "<group>"; };
/* End PBXFileReference section */

/* Begin PBXFrameworksBuildPhase section */
		350CB5E11958ABC600025032 /* Frameworks */ = {
			isa = PBXFrameworksBuildPhase;
			buildActionMask = 2147483647;
			files = (
			);
			runOnlyForDeploymentPostprocessing = 0;
		};
		350CB5F51958ABC600025032 /* Frameworks */ = {
			isa = PBXFrameworksBuildPhase;
			buildActionMask = 2147483647;
			files = (
			);
			runOnlyForDeploymentPostprocessing = 0;
		};
/* End PBXFrameworksBuildPhase section */

/* Begin PBXGroup section */
		350CB5DB1958ABC600025032 = {
			isa = PBXGroup;
			children = (
				350CB5E61958ABC600025032 /* MasterDetail */,
				350CB5FB1958ABC600025032 /* MasterDetailTests */,
				350CB5E51958ABC600025032 /* Products */,
			);
			sourceTree = "<group>";
		};
		350CB5E51958ABC600025032 /* Products */ = {
			isa = PBXGroup;
			children = (
				350CB5E41958ABC600025032 /* MasterDetail.app */,
				350CB5F81958ABC600025032 /* MasterDetailTests.xctest */,
			);
			name = Products;
			sourceTree = "<group>";
		};
		350CB5E61958ABC600025032 /* MasterDetail */ = {
			isa = PBXGroup;
			children = (
				350CB5E91958ABC600025032 /* AppDelegate.swift */,
				350CB5EB1958ABC600025032 /* MasterViewController.swift */,
				350CB5ED1958ABC600025032 /* DetailViewController.swift */,
				350CB5EF1958ABC600025032 /* Main.storyboard */,
				350CB5F21958ABC600025032 /* Images.xcassets */,
				350CB5E71958ABC600025032 /* Supporting Files */,
			);
			path = MasterDetail;
			sourceTree = "<group>";
		};
		350CB5E71958ABC600025032 /* Supporting Files */ = {
			isa = PBXGroup;
			children = (
				350CB5E81958ABC600025032 /* Info.plist */,
			);
			name = "Supporting Files";
			sourceTree = "<group>";
		};
		350CB5FB1958ABC600025032 /* MasterDetailTests */ = {
			isa = PBXGroup;
			children = (
				350CB5FE1958ABC600025032 /* MasterDetailTests.swift */,
				350CB5FC1958ABC600025032 /* Supporting Files */,
			);
			path = MasterDetailTests;
			sourceTree = "<group>";
		};
		350CB5FC1958ABC600025032 /* Supporting Files */ = {
			isa = PBXGroup;
			children = (
				350CB5FD1958ABC600025032 /* Info.plist */,
			);
			name = "Supporting Files";
			sourceTree = "<group>";
		};
/* End PBXGroup section */

/* Begin PBXNativeTarget section */
		350CB5E31958ABC600025032 /* MasterDetail */ = {
			isa = PBXNativeTarget;
			buildConfigurationList = 350CB6021958ABC600025032 /* Build configuration list for PBXNativeTarget "MasterDetail" */;
			buildPhases = (
				350CB5E01958ABC600025032 /* Sources */,
				350CB5E11958ABC600025032 /* Frameworks */,
				350CB5E21958ABC600025032 /* Resources */,
			);
			buildRules = (
			);
			dependencies = (
			);
			name = MasterDetail;
			productName = MasterDetail;
			productReference = 350CB5E41958ABC600025032 /* MasterDetail.app */;
			productType = "com.apple.product-type.application";
		};
		350CB5F71958ABC600025032 /* MasterDetailTests */ = {
			isa = PBXNativeTarget;
			buildConfigurationList = 350CB6051958ABC600025032 /* Build configuration list for PBXNativeTarget "MasterDetailTests" */;
			buildPhases = (
				350CB5F41958ABC600025032 /* Sources */,
				350CB5F51958ABC600025032 /* Frameworks */,
				350CB5F61958ABC600025032 /* Resources */,
			);
			buildRules = (
			);
			dependencies = (
				350CB5FA1958ABC600025032 /* PBXTargetDependency */,
			);
			name = MasterDetailTests;
			productName = MasterDetailTests;
			productReference = 350CB5F81958ABC600025032 /* MasterDetailTests.xctest */;
			productType = "com.apple.product-type.bundle.unit-test";
		};
/* End PBXNativeTarget section */

/* Begin PBXProject section */
		350CB5DC1958ABC600025032 /* Project object */ = {
			isa = PBXProject;
			attributes = {
				LastUpgradeCheck = 0600;
				ORGANIZATIONNAME = dzahariev;
				TargetAttributes = {
					350CB5E31958ABC600025032 = {
						CreatedOnToolsVersion = 6.0;
					};
					350CB5F71958ABC600025032 = {
						CreatedOnToolsVersion = 6.0;
						TestTargetID = 350CB5E31958ABC600025032;
					};
				};
			};
			buildConfigurationList = 350CB5DF1958ABC600025032 /* Build configuration list for PBXProject "MasterDetail" */;
			compatibilityVersion = "Xcode 3.2";
			developmentRegion = English;
			hasScannedForEncodings = 0;
			knownRegions = (
				en,
				Base,
			);
			mainGroup = 350CB5DB1958ABC600025032;
			productRefGroup = 350CB5E51958ABC600025032 /* Products */;
			projectDirPath = "";
			projectRoot = "";
			targets = (
				350CB5E31958ABC600025032 /* MasterDetail */,
				350CB5F71958ABC600025032 /* MasterDetailTests */,
			);
		};
/* End PBXProject section */

/* Begin PBXResourcesBuildPhase section */
		350CB5E21958ABC600025032 /* Resources */ = {
			isa = PBXResourcesBuildPhase;
			buildActionMask = 2147483647;
			files = (
				350CB5F11958ABC600025032 /* Main.storyboard in Resources */,
				350CB5F31958ABC600025032 /* Images.xcassets in Resources */,
			);
			runOnlyForDeploymentPostprocessing = 0;
		};
		350CB5F61958ABC600025032 /* Resources */ = {
			isa = PBXResourcesBuildPhase;
			buildActionMask = 2147483647;
			files = (
			);
			runOnlyForDeploymentPostprocessing = 0;
		};
/* End PBXResourcesBuildPhase section */

/* Begin PBXSourcesBuildPhase section */
		350CB5E01958ABC600025032 /* Sources */ = {
			isa = PBXSourcesBuildPhase;
			buildActionMask = 2147483647;
			files = (
				350CB5EE1958ABC600025032 /* DetailViewController.swift in Sources */,
				350CB5EC1958ABC600025032 /* MasterViewController.swift in Sources */,
				350CB5EA1958ABC600025032 /* AppDelegate.swift in Sources */,
			);
			runOnlyForDeploymentPostprocessing = 0;
		};
		350CB5F41958ABC600025032 /* Sources */ = {
			isa = PBXSourcesBuildPhase;
			buildActionMask = 2147483647;
			files = (
				350CB5FF1958ABC600025032 /* MasterDetailTests.swift in Sources */,
			);
			runOnlyForDeploymentPostprocessing = 0;
		};
/* End PBXSourcesBuildPhase section */

/* Begin PBXTargetDependency section */
		350CB5FA1958ABC600025032 /* PBXTargetDependency */ = {
			isa = PBXTargetDependency;
			target = 350CB5E31958ABC600025032 /* MasterDetail */;
			targetProxy = 350CB5F91958ABC600025032 /* PBXContainerItemProxy */;
		};
/* End PBXTargetDependency section */

/* Begin PBXVariantGroup section */
		350CB5EF1958ABC600025032 /* Main.storyboard */ = {
			isa = PBXVariantGroup;
			children = (
				350CB5F01958ABC600025032 /* Base */,
			);
			name = Main.storyboard;
			sourceTree = "<group>";
		};
/* End PBXVariantGroup section */

/* Begin XCBuildConfiguration section */
		350CB6001958ABC600025032 /* Debug */ = {
			isa = XCBuildConfiguration;
			buildSettings = {
				ALWAYS_SEARCH_USER_PATHS = NO;
				CLANG_CXX_LANGUAGE_STANDARD = "gnu++0x";
				CLANG_CXX_LIBRARY = "libc++";
				CLANG_ENABLE_MODULES = YES;
				CLANG_ENABLE_OBJC_ARC = YES;
				CLANG_WARN_BOOL_CONVERSION = YES;
				CLANG_WARN_CONSTANT_CONVERSION = YES;
				CLANG_WARN_DIRECT_OBJC_ISA_USAGE = YES_ERROR;
				CLANG_WARN_EMPTY_BODY = YES;
				CLANG_WARN_ENUM_CONVERSION = YES;
				CLANG_WARN_INT_CONVERSION = YES;
				CLANG_WARN_OBJC_ROOT_CLASS = YES_ERROR;
				CLANG_WARN_UNREACHABLE_CODE = YES;
				CLANG_WARN__DUPLICATE_METHOD_MATCH = YES;
				"CODE_SIGN_IDENTITY[sdk=iphoneos*]" = "iPhone Developer";
				COPY_PHASE_STRIP = NO;
				ENABLE_STRICT_OBJC_MSGSEND = YES;
				GCC_C_LANGUAGE_STANDARD = gnu99;
				GCC_DYNAMIC_NO_PIC = NO;
				GCC_OPTIMIZATION_LEVEL = 0;
				GCC_PREPROCESSOR_DEFINITIONS = (
					"DEBUG=1",
					"$(inherited)",
				);
				GCC_SYMBOLS_PRIVATE_EXTERN = NO;
				GCC_WARN_64_TO_32_BIT_CONVERSION = YES;
				GCC_WARN_ABOUT_RETURN_TYPE = YES_ERROR;
				GCC_WARN_UNDECLARED_SELECTOR = YES;
				GCC_WARN_UNINITIALIZED_AUTOS = YES_AGGRESSIVE;
				GCC_WARN_UNUSED_FUNCTION = YES;
				GCC_WARN_UNUSED_VARIABLE = YES;
				IPHONEOS_DEPLOYMENT_TARGET = 8.0;
				METAL_ENABLE_DEBUG_INFO = YES;
				ONLY_ACTIVE_ARCH = YES;
				SDKROOT = iphoneos;
				SWIFT_OPTIMIZATION_LEVEL = "-Onone";
				TARGETED_DEVICE_FAMILY = "1,2";
			};
			name = Debug;
		};
		350CB6011958ABC600025032 /* Release */ = {
			isa = XCBuildConfiguration;
			buildSettings = {
				ALWAYS_SEARCH_USER_PATHS = NO;
				CLANG_CXX_LANGUAGE_STANDARD = "gnu++0x";
				CLANG_CXX_LIBRARY = "libc++";
				CLANG_ENABLE_MODULES = YES;
				CLANG_ENABLE_OBJC_ARC = YES;
				CLANG_WARN_BOOL_CONVERSION = YES;
				CLANG_WARN_CONSTANT_CONVERSION = YES;
				CLANG_WARN_DIRECT_OBJC_ISA_USAGE = YES_ERROR;
				CLANG_WARN_EMPTY_BODY = YES;
				CLANG_WARN_ENUM_CONVERSION = YES;
				CLANG_WARN_INT_CONVERSION = YES;
				CLANG_WARN_OBJC_ROOT_CLASS = YES_ERROR;
				CLANG_WARN_UNREACHABLE_CODE = YES;
				CLANG_WARN__DUPLICATE_METHOD_MATCH = YES;
				"CODE_SIGN_IDENTITY[sdk=iphoneos*]" = "iPhone Developer";
				COPY_PHASE_STRIP = YES;
				ENABLE_NS_ASSERTIONS = NO;
				ENABLE_STRICT_OBJC_MSGSEND = YES;
				GCC_C_LANGUAGE_STANDARD = gnu99;
				GCC_WARN_64_TO_32_BIT_CONVERSION = YES;
				GCC_WARN_ABOUT_RETURN_TYPE = YES_ERROR;
				GCC_WARN_UNDECLARED_SELECTOR = YES;
				GCC_WARN_UNINITIALIZED_AUTOS = YES_AGGRESSIVE;
				GCC_WARN_UNUSED_FUNCTION = YES;
				GCC_WARN_UNUSED_VARIABLE = YES;
				IPHONEOS_DEPLOYMENT_TARGET = 8.0;
				METAL_ENABLE_DEBUG_INFO = NO;
				SDKROOT = iphoneos;
				TARGETED_DEVICE_FAMILY = "1,2";
				VALIDATE_PRODUCT = YES;
			};
			name = Release;
		};
		350CB6031958ABC600025032 /* Debug */ = {
			isa = XCBuildConfiguration;
			buildSettings = {
				ASSETCATALOG_COMPILER_APPICON_NAME = AppIcon;
				ASSETCATALOG_COMPILER_LAUNCHIMAGE_NAME = LaunchImage;
				INFOPLIST_FILE = MasterDetail/Info.plist;
				LD_RUNPATH_SEARCH_PATHS = "$(inherited) @executable_path/Frameworks";
				PRODUCT_NAME = "$(TARGET_NAME)";
			};
			name = Debug;
		};
		350CB6041958ABC600025032 /* Release */ = {
			isa = XCBuildConfiguration;
			buildSettings = {
				ASSETCATALOG_COMPILER_APPICON_NAME = AppIcon;
				ASSETCATALOG_COMPILER_LAUNCHIMAGE_NAME = LaunchImage;
				INFOPLIST_FILE = MasterDetail/Info.plist;
				LD_RUNPATH_SEARCH_PATHS = "$(inherited) @executable_path/Frameworks";
				PRODUCT_NAME = "$(TARGET_NAME)";
			};
			name = Release;
		};
		350CB6061958ABC600025032 /* Debug */ = {
			isa = XCBuildConfiguration;
			buildSettings = {
				BUNDLE_LOADER = "$(BUILT_PRODUCTS_DIR)/MasterDetail.app/MasterDetail";
				FRAMEWORK_SEARCH_PATHS = (
					"$(SDKROOT)/Developer/Library/Frameworks",
					"$(inherited)",
				);
				GCC_PREPROCESSOR_DEFINITIONS = (
					"DEBUG=1",
					"$(inherited)",
				);
				INFOPLIST_FILE = MasterDetailTests/Info.plist;
				LD_RUNPATH_SEARCH_PATHS = "$(inherited) @executable_path/Frameworks @loader_path/Frameworks";
				METAL_ENABLE_DEBUG_INFO = YES;
				PRODUCT_NAME = "$(TARGET_NAME)";
				TEST_HOST = "$(BUNDLE_LOADER)";
			};
			name = Debug;
		};
		350CB6071958ABC600025032 /* Release */ = {
			isa = XCBuildConfiguration;
			buildSettings = {
				BUNDLE_LOADER = "$(BUILT_PRODUCTS_DIR)/MasterDetail.app/MasterDetail";
				FRAMEWORK_SEARCH_PATHS = (
					"$(SDKROOT)/Developer/Library/Frameworks",
					"$(inherited)",
				);
				INFOPLIST_FILE = MasterDetailTests/Info.plist;
				LD_RUNPATH_SEARCH_PATHS = "$(inherited) @executable_path/Frameworks @loader_path/Frameworks";
				METAL_ENABLE_DEBUG_INFO = NO;
				PRODUCT_NAME = "$(TARGET_NAME)";
				TEST_HOST = "$(BUNDLE_LOADER)";
			};
			name = Release;
		};
/* End XCBuildConfiguration section */

/* Begin XCConfigurationList section */
		350CB5DF1958ABC600025032 /* Build configuration list for PBXProject "MasterDetail" */ = {
			isa = XCConfigurationList;
			buildConfigurations = (
				350CB6001958ABC600025032 /* Debug */,
				350CB6011958ABC600025032 /* Release */,
			);
			defaultConfigurationIsVisible = 0;
			defaultConfigurationName = Release;
		};
		350CB6021958ABC600025032 /* Build configuration list for PBXNativeTarget "MasterDetail" */ = {
			isa = XCConfigurationList;
			buildConfigurations = (
				350CB6031958ABC600025032 /* Debug */,
				350CB6041958ABC600025032 /* Release */,
			);
			defaultConfigurationIsVisible = 0;
		};
		350CB6051958ABC600025032 /* Build configuration list for PBXNativeTarget "MasterDetailTests" */ = {
			isa = XCConfigurationList;
			buildConfigurations = (
				350CB6061958ABC600025032 /* Debug */,
				350CB6071958ABC600025032 /* Release */,
			);
			defaultConfigurationIsVisible = 0;
		};
/* End XCConfigurationList section */
	};
	rootObject = 350CB5DC1958ABC600025032 /* Project object */;
}
